
Microsoft Visual Studio Solution File, Format Version 12.00
# Visual Studio Version 16
VisualStudioVersion = 16.0.31410.357
MinimumVisualStudioVersion = 10.0.40219.1
Project("{FAE04EC0-301F-11D3-BF4B-00C04F79EFBC}") = "BowlingExampleTemplate", "BowlingExampleTemplate\BowlingExampleTemplate.csproj", "{DF229B27-75E0-4120-91DB-5C9748594478}"
EndProject
Global
	GlobalSection(SolutionConfigurationPlatforms) = preSolution
		Debug|Any CPU = Debug|Any CPU
		Release|Any CPU = Release|Any CPU
	EndGlobalSection
	GlobalSection(ProjectConfigurationPlatforms) = postSolution
		{DF229B27-75E0-4120-91DB-5C9748594478}.Debug|Any CPU.ActiveCfg = Debug|Any CPU
		{DF229B27-75E0-4120-91DB-5C9748594478}.Debug|Any CPU.Build.0 = Debug|Any CPU
		{DF229B27-75E0-4120-91DB-5C9748594478}.Release|Any CPU.ActiveCfg = Release|Any CPU
		{DF229B27-75E0-4120-91DB-5C9748594478}.Release|Any CPU.Build.0 = Release|Any CPU
	EndGlobalSection
	GlobalSection(SolutionProperties) = preSolution
		HideSolutionNode = FALSE
	EndGlobalSection
	GlobalSection(ExtensibilityGlobals) = postSolution
		SolutionGuid = {A12E3B6B-24C2-455F-949F-33A8B9285698}
	EndGlobalSection
EndGlobal
